
Microsoft Visual Studio Solution File, Format Version 12.00
# Visual Studio 15
VisualStudioVersion = 15.0.28307.779
MinimumVisualStudioVersion = 10.0.40219.1
Project("{FAE04EC0-301F-11D3-BF4B-00C04F79EFBC}") = "StoreManagement", "StoreManagement\StoreManagement.csproj", "{7FDC44F1-5CBC-4ACE-9D0A-51C7D8B7D93F}"
EndProject
Global
	GlobalSection(SolutionConfigurationPlatforms) = preSolution
		Debug|Any CPU = Debug|Any CPU
		Release|Any CPU = Release|Any CPU
	EndGlobalSection
	GlobalSection(ProjectConfigurationPlatforms) = postSolution
		{7FDC44F1-5CBC-4ACE-9D0A-51C7D8B7D93F}.Debug|Any CPU.ActiveCfg = Debug|Any CPU
		{7FDC44F1-5CBC-4ACE-9D0A-51C7D8B7D93F}.Debug|Any CPU.Build.0 = Debug|Any CPU
		{7FDC44F1-5CBC-4ACE-9D0A-51C7D8B7D93F}.Release|Any CPU.ActiveCfg = Release|Any CPU
		{7FDC44F1-5CBC-4ACE-9D0A-51C7D8B7D93F}.Release|Any CPU.Build.0 = Release|Any CPU
	EndGlobalSection
	GlobalSection(SolutionProperties) = preSolution
		HideSolutionNode = FALSE
	EndGlobalSection
	GlobalSection(ExtensibilityGlobals) = postSolution
		SolutionGuid = {9D52C4B6-D9F4-4B8E-B99E-877F4D0C1D6F}
	EndGlobalSection
EndGlobal
